
Microsoft Visual Studio Solution File, Format Version 12.00
Project("{2150E333-8FDC-42A3-9474-1A3956D46DE8}") = "Services", "Services", "{FBCB873D-902A-48B4-8089-4693250EA2ED}"
EndProject
Project("{2150E333-8FDC-42A3-9474-1A3956D46DE8}") = "CrossCuttings", "CrossCuttings", "{0DFBC519-46B6-4EB4-B8AE-864075B8A8DE}"
EndProject
Project("{2150E333-8FDC-42A3-9474-1A3956D46DE8}") = "ApiGateways", "ApiGateways", "{93F14AD0-9AB2-402D-AC14-B7C2866E3BE3}"
EndProject
Project("{68227560-8CBE-4469-AE06-0E8C36528AC5}") = "docker-compose", "docker-compose.dcproj", "{05BA0E46-436D-4AB0-95C6-385A95629DFE}"
EndProject
Project("{FAE04EC0-301F-11D3-BF4B-00C04F79EFBC}") = "Identity.Api", "Services\Identity\Identity.Api\Identity.Api.csproj", "{1FDFDB04-CEA9-4826-8141-A95E351D73D2}"
EndProject
Project("{2150E333-8FDC-42A3-9474-1A3956D46DE8}") = "Identity", "Identity", "{DB8F96AA-D0CC-4EDC-B361-1A588862E5D9}"
EndProject
Project("{FAE04EC0-301F-11D3-BF4B-00C04F79EFBC}") = "Identity.Infrastructure", "Services\Identity\Identity.Infrastructure\Identity.Infrastructure.csproj", "{06723410-ED53-447E-B42A-CCDB1FB7715F}"
EndProject
Project("{FAE04EC0-301F-11D3-BF4B-00C04F79EFBC}") = "Identity.Core", "Services\Identity\Identity.Core\Identity.Core.csproj", "{E7752726-F9EF-4EDC-AFC4-4F2468CF0CAB}"
EndProject
Project("{2150E333-8FDC-42A3-9474-1A3956D46DE8}") = "RestaurantManagement", "RestaurantManagement", "{C8CBDA51-3356-46ED-A12B-4007B3FB69A5}"
EndProject
Project("{2150E333-8FDC-42A3-9474-1A3956D46DE8}") = "Read", "Read", "{0B5A06BE-79A7-4F46-B54B-2463662F1C9D}"
EndProject
Project("{2150E333-8FDC-42A3-9474-1A3956D46DE8}") = "Write", "Write", "{1998F9D3-B607-4F13-AA44-AFF12EE61D95}"
EndProject
Project("{FAE04EC0-301F-11D3-BF4B-00C04F79EFBC}") = "RestaurantManagement.Write.Api", "Services\RestaurantManagement\Write\RestaurantManagement.Write.Api\RestaurantManagement.Write.Api.csproj", "{E904B7DD-C4DF-4A67-BD4C-DC71C13EB54D}"
EndProject
Project("{FAE04EC0-301F-11D3-BF4B-00C04F79EFBC}") = "RestaurantManagement.Write.Application", "Services\RestaurantManagement\Write\RestaurantManagement.Write.Application\RestaurantManagement.Write.Application.csproj", "{B674C75E-D1E3-4206-B70A-A40ECF236D6D}"
EndProject
Project("{FAE04EC0-301F-11D3-BF4B-00C04F79EFBC}") = "RestaurantManagement.Write.Domain", "Services\RestaurantManagement\Write\RestaurantManagement.Write.Domain\RestaurantManagement.Write.Domain.csproj", "{71621F49-1BD3-4B86-BB78-F596D8EE9085}"
EndProject
Project("{FAE04EC0-301F-11D3-BF4B-00C04F79EFBC}") = "RestaurantManagement.Write.Infrastructure", "Services\RestaurantManagement\Write\RestaurantManagement.Write.Infrastructure\RestaurantManagement.Write.Infrastructure.csproj", "{2254ADE6-F731-4B7E-A0A1-0C87A6E6D835}"
EndProject
Project("{FAE04EC0-301F-11D3-BF4B-00C04F79EFBC}") = "RestaurantManagement.Write.Test", "Services\RestaurantManagement\Write\RestaurantManagement.Write.Test\RestaurantManagement.Write.Test.csproj", "{6D728B69-94B9-4EB7-B587-A7469588938E}"
EndProject
Project("{FAE04EC0-301F-11D3-BF4B-00C04F79EFBC}") = "RestaurantManagement.Read.Api", "Services\RestaurantManagement\Read\RestaurantManagement.Read.Api\RestaurantManagement.Read.Api.csproj", "{589DE9AE-5F77-4E4E-B0F5-2B07AE8913A2}"
EndProject
Project("{FAE04EC0-301F-11D3-BF4B-00C04F79EFBC}") = "RestaurantManagement.Read.Application", "Services\RestaurantManagement\Read\RestaurantManagement.Read.Application\RestaurantManagement.Read.Application.csproj", "{965A4A95-E105-41A9-98E9-B15E00DF3842}"
EndProject
Project("{FAE04EC0-301F-11D3-BF4B-00C04F79EFBC}") = "RestaurantManagement.Read.Core", "Services\RestaurantManagement\Read\RestaurantManagement.Read.Core\RestaurantManagement.Read.Core.csproj", "{7F2F9906-D9BA-435D-8955-11859D810FC4}"
EndProject
Project("{FAE04EC0-301F-11D3-BF4B-00C04F79EFBC}") = "RestaurantManagement.Read.Infrastructure", "Services\RestaurantManagement\Read\RestaurantManagement.Read.Infrastructure\RestaurantManagement.Read.Infrastructure.csproj", "{BF2B02A5-9E48-4806-A1FE-280AD52947A3}"
EndProject
Project("{2150E333-8FDC-42A3-9474-1A3956D46DE8}") = "EventBus", "EventBus", "{1BB27690-0161-4FAD-ABF6-CFB47CFF454C}"
EndProject
Project("{FAE04EC0-301F-11D3-BF4B-00C04F79EFBC}") = "EventBus", "CrossCuttings\EventBus\EventBus\EventBus.csproj", "{4415448C-AFB2-460D-AED1-20BF68003616}"
EndProject
Project("{FAE04EC0-301F-11D3-BF4B-00C04F79EFBC}") = "EventBus.Core", "CrossCuttings\EventBus\EventBus.Core\EventBus.Core.csproj", "{043B4F29-6035-4EE2-BAC4-B6E44F09B57A}"
EndProject
Project("{FAE04EC0-301F-11D3-BF4B-00C04F79EFBC}") = "RestaurantManagement.Read.Test", "Services\RestaurantManagement\Read\RestaurantManagement.Read.Test\RestaurantManagement.Read.Test.csproj", "{633E0E6D-CC3B-4C6C-95E9-76386140206A}"
EndProject
Project("{FAE04EC0-301F-11D3-BF4B-00C04F79EFBC}") = "WebsiteBff", "ApiGateways\WebsiteBff\WebsiteBff.csproj", "{39FCE344-158F-436C-A791-BF3948449F43}"
EndProject
Project("{2150E333-8FDC-42A3-9474-1A3956D46DE8}") = "Shared", "Shared", "{1F9D1C3D-E89F-46B7-9B18-B3CA5A815609}"
EndProject
Project("{FAE04EC0-301F-11D3-BF4B-00C04F79EFBC}") = "RestaurantManagement.Shared", "Services\RestaurantManagement\Shared\RestaurantManagement.Shared\RestaurantManagement.Shared.csproj", "{5C45080D-9DFC-4E3B-9DD2-D6B2BF6AF74D}"
EndProject
Project("{2150E333-8FDC-42A3-9474-1A3956D46DE8}") = "FileManager", "FileManager", "{B045B924-412D-4F30-A6DE-3776A9FA9228}"
EndProject
Project("{FAE04EC0-301F-11D3-BF4B-00C04F79EFBC}") = "FileManager.Api", "Services\FileManager\FileManager.Api\FileManager.Api.csproj", "{131338A7-D979-4CBA-8405-765D276AE2FF}"
EndProject
Project("{FAE04EC0-301F-11D3-BF4B-00C04F79EFBC}") = "FileManager.Infrastructure", "Services\FileManager\FileManager.Infrastructure\FileManager.Infrastructure.csproj", "{F5C7F1D5-4D80-46CD-8F09-075A1C649449}"
EndProject
Project("{FAE04EC0-301F-11D3-BF4B-00C04F79EFBC}") = "FileManager.Core", "Services\FileManager\FileManager.Core\FileManager.Core.csproj", "{04F005F9-F09F-4E39-AABE-5A5EE774C463}"
EndProject
Global
	GlobalSection(SolutionConfigurationPlatforms) = preSolution
		Debug|Any CPU = Debug|Any CPU
		Release|Any CPU = Release|Any CPU
	EndGlobalSection
	GlobalSection(NestedProjects) = preSolution
		{DB8F96AA-D0CC-4EDC-B361-1A588862E5D9} = {FBCB873D-902A-48B4-8089-4693250EA2ED}
		{1FDFDB04-CEA9-4826-8141-A95E351D73D2} = {DB8F96AA-D0CC-4EDC-B361-1A588862E5D9}
		{06723410-ED53-447E-B42A-CCDB1FB7715F} = {DB8F96AA-D0CC-4EDC-B361-1A588862E5D9}
		{E7752726-F9EF-4EDC-AFC4-4F2468CF0CAB} = {DB8F96AA-D0CC-4EDC-B361-1A588862E5D9}
		{C8CBDA51-3356-46ED-A12B-4007B3FB69A5} = {FBCB873D-902A-48B4-8089-4693250EA2ED}
		{1BB27690-0161-4FAD-ABF6-CFB47CFF454C} = {0DFBC519-46B6-4EB4-B8AE-864075B8A8DE}
		{4415448C-AFB2-460D-AED1-20BF68003616} = {1BB27690-0161-4FAD-ABF6-CFB47CFF454C}
		{043B4F29-6035-4EE2-BAC4-B6E44F09B57A} = {1BB27690-0161-4FAD-ABF6-CFB47CFF454C}
		{0B5A06BE-79A7-4F46-B54B-2463662F1C9D} = {C8CBDA51-3356-46ED-A12B-4007B3FB69A5}
		{1998F9D3-B607-4F13-AA44-AFF12EE61D95} = {C8CBDA51-3356-46ED-A12B-4007B3FB69A5}
		{E904B7DD-C4DF-4A67-BD4C-DC71C13EB54D} = {1998F9D3-B607-4F13-AA44-AFF12EE61D95}
		{B674C75E-D1E3-4206-B70A-A40ECF236D6D} = {1998F9D3-B607-4F13-AA44-AFF12EE61D95}
		{71621F49-1BD3-4B86-BB78-F596D8EE9085} = {1998F9D3-B607-4F13-AA44-AFF12EE61D95}
		{2254ADE6-F731-4B7E-A0A1-0C87A6E6D835} = {1998F9D3-B607-4F13-AA44-AFF12EE61D95}
		{6D728B69-94B9-4EB7-B587-A7469588938E} = {1998F9D3-B607-4F13-AA44-AFF12EE61D95}
		{633E0E6D-CC3B-4C6C-95E9-76386140206A} = {0B5A06BE-79A7-4F46-B54B-2463662F1C9D}
		{589DE9AE-5F77-4E4E-B0F5-2B07AE8913A2} = {0B5A06BE-79A7-4F46-B54B-2463662F1C9D}
		{965A4A95-E105-41A9-98E9-B15E00DF3842} = {0B5A06BE-79A7-4F46-B54B-2463662F1C9D}
		{7F2F9906-D9BA-435D-8955-11859D810FC4} = {0B5A06BE-79A7-4F46-B54B-2463662F1C9D}
		{BF2B02A5-9E48-4806-A1FE-280AD52947A3} = {0B5A06BE-79A7-4F46-B54B-2463662F1C9D}
		{39FCE344-158F-436C-A791-BF3948449F43} = {93F14AD0-9AB2-402D-AC14-B7C2866E3BE3}
		{1F9D1C3D-E89F-46B7-9B18-B3CA5A815609} = {C8CBDA51-3356-46ED-A12B-4007B3FB69A5}
		{5C45080D-9DFC-4E3B-9DD2-D6B2BF6AF74D} = {1F9D1C3D-E89F-46B7-9B18-B3CA5A815609}
		{B045B924-412D-4F30-A6DE-3776A9FA9228} = {FBCB873D-902A-48B4-8089-4693250EA2ED}
		{131338A7-D979-4CBA-8405-765D276AE2FF} = {B045B924-412D-4F30-A6DE-3776A9FA9228}
		{F5C7F1D5-4D80-46CD-8F09-075A1C649449} = {B045B924-412D-4F30-A6DE-3776A9FA9228}
		{04F005F9-F09F-4E39-AABE-5A5EE774C463} = {B045B924-412D-4F30-A6DE-3776A9FA9228}
	EndGlobalSection
	GlobalSection(ProjectConfigurationPlatforms) = postSolution
		{05BA0E46-436D-4AB0-95C6-385A95629DFE}.Debug|Any CPU.ActiveCfg = Debug|Any CPU
								{05BA0E46-436D-4AB0-95C6-385A95629DFE}.Debug|Any CPU.Build.0 = Debug|Any CPU
								{05BA0E46-436D-4AB0-95C6-385A95629DFE}.Release|Any CPU.ActiveCfg = Release|Any CPU
								{05BA0E46-436D-4AB0-95C6-385A95629DFE}.Release|Any CPU.Build.0 = Release|Any CPU
		{1FDFDB04-CEA9-4826-8141-A95E351D73D2}.Debug|Any CPU.ActiveCfg = Debug|Any CPU
		{1FDFDB04-CEA9-4826-8141-A95E351D73D2}.Debug|Any CPU.Build.0 = Debug|Any CPU
		{1FDFDB04-CEA9-4826-8141-A95E351D73D2}.Release|Any CPU.ActiveCfg = Release|Any CPU
		{1FDFDB04-CEA9-4826-8141-A95E351D73D2}.Release|Any CPU.Build.0 = Release|Any CPU
		{06723410-ED53-447E-B42A-CCDB1FB7715F}.Debug|Any CPU.ActiveCfg = Debug|Any CPU
		{06723410-ED53-447E-B42A-CCDB1FB7715F}.Debug|Any CPU.Build.0 = Debug|Any CPU
		{06723410-ED53-447E-B42A-CCDB1FB7715F}.Release|Any CPU.ActiveCfg = Release|Any CPU
		{06723410-ED53-447E-B42A-CCDB1FB7715F}.Release|Any CPU.Build.0 = Release|Any CPU
		{E7752726-F9EF-4EDC-AFC4-4F2468CF0CAB}.Debug|Any CPU.ActiveCfg = Debug|Any CPU
		{E7752726-F9EF-4EDC-AFC4-4F2468CF0CAB}.Debug|Any CPU.Build.0 = Debug|Any CPU
		{E7752726-F9EF-4EDC-AFC4-4F2468CF0CAB}.Release|Any CPU.ActiveCfg = Release|Any CPU
		{E7752726-F9EF-4EDC-AFC4-4F2468CF0CAB}.Release|Any CPU.Build.0 = Release|Any CPU
		{E904B7DD-C4DF-4A67-BD4C-DC71C13EB54D}.Debug|Any CPU.ActiveCfg = Debug|Any CPU
		{E904B7DD-C4DF-4A67-BD4C-DC71C13EB54D}.Debug|Any CPU.Build.0 = Debug|Any CPU
		{E904B7DD-C4DF-4A67-BD4C-DC71C13EB54D}.Release|Any CPU.ActiveCfg = Release|Any CPU
		{E904B7DD-C4DF-4A67-BD4C-DC71C13EB54D}.Release|Any CPU.Build.0 = Release|Any CPU
		{71621F49-1BD3-4B86-BB78-F596D8EE9085}.Debug|Any CPU.ActiveCfg = Debug|Any CPU
		{71621F49-1BD3-4B86-BB78-F596D8EE9085}.Debug|Any CPU.Build.0 = Debug|Any CPU
		{71621F49-1BD3-4B86-BB78-F596D8EE9085}.Release|Any CPU.ActiveCfg = Release|Any CPU
		{71621F49-1BD3-4B86-BB78-F596D8EE9085}.Release|Any CPU.Build.0 = Release|Any CPU
		{2254ADE6-F731-4B7E-A0A1-0C87A6E6D835}.Debug|Any CPU.ActiveCfg = Debug|Any CPU
		{2254ADE6-F731-4B7E-A0A1-0C87A6E6D835}.Debug|Any CPU.Build.0 = Debug|Any CPU
		{2254ADE6-F731-4B7E-A0A1-0C87A6E6D835}.Release|Any CPU.ActiveCfg = Release|Any CPU
		{2254ADE6-F731-4B7E-A0A1-0C87A6E6D835}.Release|Any CPU.Build.0 = Release|Any CPU
		{6D728B69-94B9-4EB7-B587-A7469588938E}.Debug|Any CPU.ActiveCfg = Debug|Any CPU
		{6D728B69-94B9-4EB7-B587-A7469588938E}.Debug|Any CPU.Build.0 = Debug|Any CPU
		{6D728B69-94B9-4EB7-B587-A7469588938E}.Release|Any CPU.ActiveCfg = Release|Any CPU
		{6D728B69-94B9-4EB7-B587-A7469588938E}.Release|Any CPU.Build.0 = Release|Any CPU
		{4415448C-AFB2-460D-AED1-20BF68003616}.Debug|Any CPU.ActiveCfg = Debug|Any CPU
		{4415448C-AFB2-460D-AED1-20BF68003616}.Debug|Any CPU.Build.0 = Debug|Any CPU
		{4415448C-AFB2-460D-AED1-20BF68003616}.Release|Any CPU.ActiveCfg = Release|Any CPU
		{4415448C-AFB2-460D-AED1-20BF68003616}.Release|Any CPU.Build.0 = Release|Any CPU
		{B674C75E-D1E3-4206-B70A-A40ECF236D6D}.Debug|Any CPU.ActiveCfg = Debug|Any CPU
		{B674C75E-D1E3-4206-B70A-A40ECF236D6D}.Debug|Any CPU.Build.0 = Debug|Any CPU
		{B674C75E-D1E3-4206-B70A-A40ECF236D6D}.Release|Any CPU.ActiveCfg = Release|Any CPU
		{B674C75E-D1E3-4206-B70A-A40ECF236D6D}.Release|Any CPU.Build.0 = Release|Any CPU
		{043B4F29-6035-4EE2-BAC4-B6E44F09B57A}.Debug|Any CPU.ActiveCfg = Debug|Any CPU
		{043B4F29-6035-4EE2-BAC4-B6E44F09B57A}.Debug|Any CPU.Build.0 = Debug|Any CPU
		{043B4F29-6035-4EE2-BAC4-B6E44F09B57A}.Release|Any CPU.ActiveCfg = Release|Any CPU
		{043B4F29-6035-4EE2-BAC4-B6E44F09B57A}.Release|Any CPU.Build.0 = Release|Any CPU
		{633E0E6D-CC3B-4C6C-95E9-76386140206A}.Debug|Any CPU.ActiveCfg = Debug|Any CPU
		{633E0E6D-CC3B-4C6C-95E9-76386140206A}.Debug|Any CPU.Build.0 = Debug|Any CPU
		{633E0E6D-CC3B-4C6C-95E9-76386140206A}.Release|Any CPU.ActiveCfg = Release|Any CPU
		{633E0E6D-CC3B-4C6C-95E9-76386140206A}.Release|Any CPU.Build.0 = Release|Any CPU
		{589DE9AE-5F77-4E4E-B0F5-2B07AE8913A2}.Debug|Any CPU.ActiveCfg = Debug|Any CPU
		{589DE9AE-5F77-4E4E-B0F5-2B07AE8913A2}.Debug|Any CPU.Build.0 = Debug|Any CPU
		{589DE9AE-5F77-4E4E-B0F5-2B07AE8913A2}.Release|Any CPU.ActiveCfg = Release|Any CPU
		{589DE9AE-5F77-4E4E-B0F5-2B07AE8913A2}.Release|Any CPU.Build.0 = Release|Any CPU
		{965A4A95-E105-41A9-98E9-B15E00DF3842}.Debug|Any CPU.ActiveCfg = Debug|Any CPU
		{965A4A95-E105-41A9-98E9-B15E00DF3842}.Debug|Any CPU.Build.0 = Debug|Any CPU
		{965A4A95-E105-41A9-98E9-B15E00DF3842}.Release|Any CPU.ActiveCfg = Release|Any CPU
		{965A4A95-E105-41A9-98E9-B15E00DF3842}.Release|Any CPU.Build.0 = Release|Any CPU
		{7F2F9906-D9BA-435D-8955-11859D810FC4}.Debug|Any CPU.ActiveCfg = Debug|Any CPU
		{7F2F9906-D9BA-435D-8955-11859D810FC4}.Debug|Any CPU.Build.0 = Debug|Any CPU
		{7F2F9906-D9BA-435D-8955-11859D810FC4}.Release|Any CPU.ActiveCfg = Release|Any CPU
		{7F2F9906-D9BA-435D-8955-11859D810FC4}.Release|Any CPU.Build.0 = Release|Any CPU
		{BF2B02A5-9E48-4806-A1FE-280AD52947A3}.Debug|Any CPU.ActiveCfg = Debug|Any CPU
		{BF2B02A5-9E48-4806-A1FE-280AD52947A3}.Debug|Any CPU.Build.0 = Debug|Any CPU
		{BF2B02A5-9E48-4806-A1FE-280AD52947A3}.Release|Any CPU.ActiveCfg = Release|Any CPU
		{BF2B02A5-9E48-4806-A1FE-280AD52947A3}.Release|Any CPU.Build.0 = Release|Any CPU
		{39FCE344-158F-436C-A791-BF3948449F43}.Debug|Any CPU.ActiveCfg = Debug|Any CPU
		{39FCE344-158F-436C-A791-BF3948449F43}.Debug|Any CPU.Build.0 = Debug|Any CPU
		{39FCE344-158F-436C-A791-BF3948449F43}.Release|Any CPU.ActiveCfg = Release|Any CPU
		{39FCE344-158F-436C-A791-BF3948449F43}.Release|Any CPU.Build.0 = Release|Any CPU
		{5C45080D-9DFC-4E3B-9DD2-D6B2BF6AF74D}.Debug|Any CPU.ActiveCfg = Debug|Any CPU
		{5C45080D-9DFC-4E3B-9DD2-D6B2BF6AF74D}.Debug|Any CPU.Build.0 = Debug|Any CPU
		{5C45080D-9DFC-4E3B-9DD2-D6B2BF6AF74D}.Release|Any CPU.ActiveCfg = Release|Any CPU
		{5C45080D-9DFC-4E3B-9DD2-D6B2BF6AF74D}.Release|Any CPU.Build.0 = Release|Any CPU
		{131338A7-D979-4CBA-8405-765D276AE2FF}.Debug|Any CPU.ActiveCfg = Debug|Any CPU
		{131338A7-D979-4CBA-8405-765D276AE2FF}.Debug|Any CPU.Build.0 = Debug|Any CPU
		{131338A7-D979-4CBA-8405-765D276AE2FF}.Release|Any CPU.ActiveCfg = Release|Any CPU
		{131338A7-D979-4CBA-8405-765D276AE2FF}.Release|Any CPU.Build.0 = Release|Any CPU
		{F5C7F1D5-4D80-46CD-8F09-075A1C649449}.Debug|Any CPU.ActiveCfg = Debug|Any CPU
		{F5C7F1D5-4D80-46CD-8F09-075A1C649449}.Debug|Any CPU.Build.0 = Debug|Any CPU
		{F5C7F1D5-4D80-46CD-8F09-075A1C649449}.Release|Any CPU.ActiveCfg = Release|Any CPU
		{F5C7F1D5-4D80-46CD-8F09-075A1C649449}.Release|Any CPU.Build.0 = Release|Any CPU
		{04F005F9-F09F-4E39-AABE-5A5EE774C463}.Debug|Any CPU.ActiveCfg = Debug|Any CPU
		{04F005F9-F09F-4E39-AABE-5A5EE774C463}.Debug|Any CPU.Build.0 = Debug|Any CPU
		{04F005F9-F09F-4E39-AABE-5A5EE774C463}.Release|Any CPU.ActiveCfg = Release|Any CPU
		{04F005F9-F09F-4E39-AABE-5A5EE774C463}.Release|Any CPU.Build.0 = Release|Any CPU
	EndGlobalSection
EndGlobal
